
Microsoft Visual Studio Solution File, Format Version 12.00
# Visual Studio Version 17
VisualStudioVersion = 17.2.32630.192
MinimumVisualStudioVersion = 10.0.40219.1
Project("{9A19103F-16F7-4668-BE54-9A1E7A4F7556}") = "SanalMarket.Web", "SanalMarket.Web\SanalMarket.Web.csproj", "{45A4E178-0A86-4FAE-945F-0CA85F47B198}"
EndProject
Project("{9A19103F-16F7-4668-BE54-9A1E7A4F7556}") = "SanalMarket.Infrastructure", "SanalMarket.Infrastructure\SanalMarket.Infrastructure.csproj", "{BA035789-0E26-4898-9E74-8683DC5D3488}"
EndProject
Global
	GlobalSection(SolutionConfigurationPlatforms) = preSolution
		Debug|Any CPU = Debug|Any CPU
		Release|Any CPU = Release|Any CPU
	EndGlobalSection
	GlobalSection(ProjectConfigurationPlatforms) = postSolution
		{45A4E178-0A86-4FAE-945F-0CA85F47B198}.Debug|Any CPU.ActiveCfg = Debug|Any CPU
		{45A4E178-0A86-4FAE-945F-0CA85F47B198}.Debug|Any CPU.Build.0 = Debug|Any CPU
		{45A4E178-0A86-4FAE-945F-0CA85F47B198}.Release|Any CPU.ActiveCfg = Release|Any CPU
		{45A4E178-0A86-4FAE-945F-0CA85F47B198}.Release|Any CPU.Build.0 = Release|Any CPU
		{BA035789-0E26-4898-9E74-8683DC5D3488}.Debug|Any CPU.ActiveCfg = Debug|Any CPU
		{BA035789-0E26-4898-9E74-8683DC5D3488}.Debug|Any CPU.Build.0 = Debug|Any CPU
		{BA035789-0E26-4898-9E74-8683DC5D3488}.Release|Any CPU.ActiveCfg = Release|Any CPU
		{BA035789-0E26-4898-9E74-8683DC5D3488}.Release|Any CPU.Build.0 = Release|Any CPU
	EndGlobalSection
	GlobalSection(SolutionProperties) = preSolution
		HideSolutionNode = FALSE
	EndGlobalSection
	GlobalSection(ExtensibilityGlobals) = postSolution
		SolutionGuid = {EBFB5693-D18E-4692-9CF4-F65EC5AF7C33}
	EndGlobalSection
EndGlobal
